
Microsoft Visual Studio Solution File, Format Version 12.00
# Visual Studio Version 17
VisualStudioVersion = 17.7.34202.233
MinimumVisualStudioVersion = 10.0.40219.1
Project("{9A19103F-16F7-4668-BE54-9A1E7A4F7556}") = "Mapper.GSB.Domain", "Mapper.GSB.Domain\Mapper.GSB.Domain.csproj", "{2EDCBF81-01F3-45D0-AA1C-A69B8DAAA7D0}"
EndProject
Project("{2150E333-8FDC-42A3-9474-1A3956D46DE8}") = "Core", "Core", "{8A2D0AB8-E9E5-4B0E-B80B-B28D55E32A4F}"
EndProject
Project("{9A19103F-16F7-4668-BE54-9A1E7A4F7556}") = "MOHME.Lib", "MOHME.Lib\MOHME.Lib.csproj", "{5AFE0F47-9698-4BB1-96F5-B89DCA887713}"
EndProject
Project("{2150E333-8FDC-42A3-9474-1A3956D46DE8}") = "Common", "Common", "{0D509263-6B83-4E0C-B66F-8E2DF13E59DB}"
EndProject
Project("{9A19103F-16F7-4668-BE54-9A1E7A4F7556}") = "Mapper.GSB.Share", "Mapper.GSB.Share\Mapper.GSB.Share.csproj", "{8B766BE2-27AF-4DE1-A76C-ABE69BD4BAD9}"
EndProject
Project("{9A19103F-16F7-4668-BE54-9A1E7A4F7556}") = "Mapper.GSB.Application", "Mapper.GSB.Application\Mapper.GSB.Application.csproj", "{62634FDE-F345-48C0-AB21-49BF0E3EE006}"
EndProject
Project("{2150E333-8FDC-42A3-9474-1A3956D46DE8}") = "Gateways", "Gateways", "{49B12962-724F-477B-BBD1-FE773B5CEBE7}"
EndProject
Project("{9A19103F-16F7-4668-BE54-9A1E7A4F7556}") = "Mapper.GSB.Host.GSBAPICaller", "Mapper.GSB.Host.GSBAPICaller\Mapper.GSB.Host.GSBAPICaller.csproj", "{009A19A6-E5E8-45F9-A321-17668CB63366}"
EndProject
Project("{2150E333-8FDC-42A3-9474-1A3956D46DE8}") = "Test", "Test", "{ED8B8266-FEC9-4741-BE2A-AAAAC018E7C9}"
EndProject
Project("{9A19103F-16F7-4668-BE54-9A1E7A4F7556}") = "Mapper.GSB.Test.UnitTest", "Mapper.GSB.Test.UnitTest\Mapper.GSB.Test.UnitTest.csproj", "{9DA7D78B-E9DD-48EB-B1EB-03ED7354FD7E}"
EndProject
Project("{9A19103F-16F7-4668-BE54-9A1E7A4F7556}") = "Mapper.GSB.Host.DDRAPICaller", "Mapper.GSB.Host.DDRAPICaller\Mapper.GSB.Host.DDRAPICaller.csproj", "{6D9E4FA4-491A-4BF3-AFFC-F75C84CA2C10}"
EndProject
Project("{9A19103F-16F7-4668-BE54-9A1E7A4F7556}") = "Mapper.GSB.Rest.API", "Mapper.GSB.Rest.API\Mapper.GSB.Rest.API.csproj", "{1676894F-D105-4597-9DAB-437C3AF428E5}"
EndProject
Project("{D954291E-2A0B-460D-934E-DC6B0785DB48}") = "Logging", "Logging\Logging.shproj", "{1C0F5975-4C8B-462A-A34C-912E1FB871B1}"
EndProject
Project("{9A19103F-16F7-4668-BE54-9A1E7A4F7556}") = "Mapper.GSB.Application.GSBAPICaller", "Mapper.GSB.Application.GSBAPICaller\Mapper.GSB.Application.GSBAPICaller.csproj", "{C863B7AB-81F8-48A4-9980-70ED92A99635}"
EndProject
Project("{9A19103F-16F7-4668-BE54-9A1E7A4F7556}") = "Mapper.GSB.Application.DDRAPICaller", "Mapper.GSB.Application.DDRAPICaller\Mapper.GSB.Application.DDRAPICaller.csproj", "{8605A54A-3680-4660-995D-73453EA04DA5}"
EndProject
Project("{2150E333-8FDC-42A3-9474-1A3956D46DE8}") = "Infrastructure", "Infrastructure", "{14DE5E9C-DC88-40C6-9362-4EC8A022E1C1}"
EndProject
Project("{00D1A9C2-B5F0-4AF3-8072-F6C62B433612}") = "Mapper.GSB.Infrastructure.DbConfig.BI", "Mapper.GSB.Infrastructure.DbConfig.BI\Mapper.GSB.Infrastructure.DbConfig.BI.sqlproj", "{4B862C5A-C84F-4D6C-9DFA-D5A19F3FAC80}"
EndProject
Project("{9A19103F-16F7-4668-BE54-9A1E7A4F7556}") = "Mapper.GSB.Infrastructure", "Mapper.GSB.Infrastructure\Mapper.GSB.Infrastructure.csproj", "{07514AE2-81C4-4C59-92F8-B08BB2F5F935}"
EndProject
Global
	GlobalSection(SolutionConfigurationPlatforms) = preSolution
		Debug|Any CPU = Debug|Any CPU
		Release|Any CPU = Release|Any CPU
	EndGlobalSection
	GlobalSection(ProjectConfigurationPlatforms) = postSolution
		{2EDCBF81-01F3-45D0-AA1C-A69B8DAAA7D0}.Debug|Any CPU.ActiveCfg = Debug|Any CPU
		{2EDCBF81-01F3-45D0-AA1C-A69B8DAAA7D0}.Debug|Any CPU.Build.0 = Debug|Any CPU
		{2EDCBF81-01F3-45D0-AA1C-A69B8DAAA7D0}.Release|Any CPU.ActiveCfg = Release|Any CPU
		{2EDCBF81-01F3-45D0-AA1C-A69B8DAAA7D0}.Release|Any CPU.Build.0 = Release|Any CPU
		{5AFE0F47-9698-4BB1-96F5-B89DCA887713}.Debug|Any CPU.ActiveCfg = Debug|Any CPU
		{5AFE0F47-9698-4BB1-96F5-B89DCA887713}.Debug|Any CPU.Build.0 = Debug|Any CPU
		{5AFE0F47-9698-4BB1-96F5-B89DCA887713}.Release|Any CPU.ActiveCfg = Release|Any CPU
		{5AFE0F47-9698-4BB1-96F5-B89DCA887713}.Release|Any CPU.Build.0 = Release|Any CPU
		{8B766BE2-27AF-4DE1-A76C-ABE69BD4BAD9}.Debug|Any CPU.ActiveCfg = Debug|Any CPU
		{8B766BE2-27AF-4DE1-A76C-ABE69BD4BAD9}.Debug|Any CPU.Build.0 = Debug|Any CPU
		{8B766BE2-27AF-4DE1-A76C-ABE69BD4BAD9}.Release|Any CPU.ActiveCfg = Release|Any CPU
		{8B766BE2-27AF-4DE1-A76C-ABE69BD4BAD9}.Release|Any CPU.Build.0 = Release|Any CPU
		{62634FDE-F345-48C0-AB21-49BF0E3EE006}.Debug|Any CPU.ActiveCfg = Debug|Any CPU
		{62634FDE-F345-48C0-AB21-49BF0E3EE006}.Debug|Any CPU.Build.0 = Debug|Any CPU
		{62634FDE-F345-48C0-AB21-49BF0E3EE006}.Release|Any CPU.ActiveCfg = Release|Any CPU
		{62634FDE-F345-48C0-AB21-49BF0E3EE006}.Release|Any CPU.Build.0 = Release|Any CPU
		{009A19A6-E5E8-45F9-A321-17668CB63366}.Debug|Any CPU.ActiveCfg = Debug|Any CPU
		{009A19A6-E5E8-45F9-A321-17668CB63366}.Debug|Any CPU.Build.0 = Debug|Any CPU
		{009A19A6-E5E8-45F9-A321-17668CB63366}.Release|Any CPU.ActiveCfg = Release|Any CPU
		{009A19A6-E5E8-45F9-A321-17668CB63366}.Release|Any CPU.Build.0 = Release|Any CPU
		{9DA7D78B-E9DD-48EB-B1EB-03ED7354FD7E}.Debug|Any CPU.ActiveCfg = Debug|Any CPU
		{9DA7D78B-E9DD-48EB-B1EB-03ED7354FD7E}.Debug|Any CPU.Build.0 = Debug|Any CPU
		{9DA7D78B-E9DD-48EB-B1EB-03ED7354FD7E}.Release|Any CPU.ActiveCfg = Release|Any CPU
		{9DA7D78B-E9DD-48EB-B1EB-03ED7354FD7E}.Release|Any CPU.Build.0 = Release|Any CPU
		{6D9E4FA4-491A-4BF3-AFFC-F75C84CA2C10}.Debug|Any CPU.ActiveCfg = Debug|Any CPU
		{6D9E4FA4-491A-4BF3-AFFC-F75C84CA2C10}.Debug|Any CPU.Build.0 = Debug|Any CPU
		{6D9E4FA4-491A-4BF3-AFFC-F75C84CA2C10}.Release|Any CPU.ActiveCfg = Release|Any CPU
		{6D9E4FA4-491A-4BF3-AFFC-F75C84CA2C10}.Release|Any CPU.Build.0 = Release|Any CPU
		{1676894F-D105-4597-9DAB-437C3AF428E5}.Debug|Any CPU.ActiveCfg = Debug|Any CPU
		{1676894F-D105-4597-9DAB-437C3AF428E5}.Debug|Any CPU.Build.0 = Debug|Any CPU
		{1676894F-D105-4597-9DAB-437C3AF428E5}.Release|Any CPU.ActiveCfg = Release|Any CPU
		{1676894F-D105-4597-9DAB-437C3AF428E5}.Release|Any CPU.Build.0 = Release|Any CPU
		{C863B7AB-81F8-48A4-9980-70ED92A99635}.Debug|Any CPU.ActiveCfg = Debug|Any CPU
		{C863B7AB-81F8-48A4-9980-70ED92A99635}.Debug|Any CPU.Build.0 = Debug|Any CPU
		{C863B7AB-81F8-48A4-9980-70ED92A99635}.Release|Any CPU.ActiveCfg = Release|Any CPU
		{C863B7AB-81F8-48A4-9980-70ED92A99635}.Release|Any CPU.Build.0 = Release|Any CPU
		{8605A54A-3680-4660-995D-73453EA04DA5}.Debug|Any CPU.ActiveCfg = Debug|Any CPU
		{8605A54A-3680-4660-995D-73453EA04DA5}.Debug|Any CPU.Build.0 = Debug|Any CPU
		{8605A54A-3680-4660-995D-73453EA04DA5}.Release|Any CPU.ActiveCfg = Release|Any CPU
		{8605A54A-3680-4660-995D-73453EA04DA5}.Release|Any CPU.Build.0 = Release|Any CPU
		{4B862C5A-C84F-4D6C-9DFA-D5A19F3FAC80}.Debug|Any CPU.ActiveCfg = Debug|Any CPU
		{4B862C5A-C84F-4D6C-9DFA-D5A19F3FAC80}.Debug|Any CPU.Build.0 = Debug|Any CPU
		{4B862C5A-C84F-4D6C-9DFA-D5A19F3FAC80}.Debug|Any CPU.Deploy.0 = Debug|Any CPU
		{4B862C5A-C84F-4D6C-9DFA-D5A19F3FAC80}.Release|Any CPU.ActiveCfg = Release|Any CPU
		{4B862C5A-C84F-4D6C-9DFA-D5A19F3FAC80}.Release|Any CPU.Build.0 = Release|Any CPU
		{4B862C5A-C84F-4D6C-9DFA-D5A19F3FAC80}.Release|Any CPU.Deploy.0 = Release|Any CPU
		{07514AE2-81C4-4C59-92F8-B08BB2F5F935}.Debug|Any CPU.ActiveCfg = Debug|Any CPU
		{07514AE2-81C4-4C59-92F8-B08BB2F5F935}.Debug|Any CPU.Build.0 = Debug|Any CPU
		{07514AE2-81C4-4C59-92F8-B08BB2F5F935}.Release|Any CPU.ActiveCfg = Release|Any CPU
		{07514AE2-81C4-4C59-92F8-B08BB2F5F935}.Release|Any CPU.Build.0 = Release|Any CPU
	EndGlobalSection
	GlobalSection(SolutionProperties) = preSolution
		HideSolutionNode = FALSE
	EndGlobalSection
	GlobalSection(NestedProjects) = preSolution
		{2EDCBF81-01F3-45D0-AA1C-A69B8DAAA7D0} = {8A2D0AB8-E9E5-4B0E-B80B-B28D55E32A4F}
		{5AFE0F47-9698-4BB1-96F5-B89DCA887713} = {8A2D0AB8-E9E5-4B0E-B80B-B28D55E32A4F}
		{8B766BE2-27AF-4DE1-A76C-ABE69BD4BAD9} = {0D509263-6B83-4E0C-B66F-8E2DF13E59DB}
		{62634FDE-F345-48C0-AB21-49BF0E3EE006} = {8A2D0AB8-E9E5-4B0E-B80B-B28D55E32A4F}
		{009A19A6-E5E8-45F9-A321-17668CB63366} = {49B12962-724F-477B-BBD1-FE773B5CEBE7}
		{9DA7D78B-E9DD-48EB-B1EB-03ED7354FD7E} = {ED8B8266-FEC9-4741-BE2A-AAAAC018E7C9}
		{6D9E4FA4-491A-4BF3-AFFC-F75C84CA2C10} = {49B12962-724F-477B-BBD1-FE773B5CEBE7}
		{1676894F-D105-4597-9DAB-437C3AF428E5} = {49B12962-724F-477B-BBD1-FE773B5CEBE7}
		{1C0F5975-4C8B-462A-A34C-912E1FB871B1} = {0D509263-6B83-4E0C-B66F-8E2DF13E59DB}
		{C863B7AB-81F8-48A4-9980-70ED92A99635} = {8A2D0AB8-E9E5-4B0E-B80B-B28D55E32A4F}
		{8605A54A-3680-4660-995D-73453EA04DA5} = {8A2D0AB8-E9E5-4B0E-B80B-B28D55E32A4F}
		{4B862C5A-C84F-4D6C-9DFA-D5A19F3FAC80} = {14DE5E9C-DC88-40C6-9362-4EC8A022E1C1}
		{07514AE2-81C4-4C59-92F8-B08BB2F5F935} = {14DE5E9C-DC88-40C6-9362-4EC8A022E1C1}
	EndGlobalSection
	GlobalSection(ExtensibilityGlobals) = postSolution
		SolutionGuid = {706C9946-EEA8-417E-B21B-334FB891102B}
	EndGlobalSection
	GlobalSection(SharedMSBuildProjectFiles) = preSolution
		Logging\Logging.projitems*{009a19a6-e5e8-45f9-a321-17668cb63366}*SharedItemsImports = 5
		Logging\Logging.projitems*{1676894f-d105-4597-9dab-437c3af428e5}*SharedItemsImports = 5
		Logging\Logging.projitems*{1c0f5975-4c8b-462a-a34c-912e1fb871b1}*SharedItemsImports = 13
		Logging\Logging.projitems*{6d9e4fa4-491a-4bf3-affc-f75c84ca2c10}*SharedItemsImports = 5
	EndGlobalSection
EndGlobal
